{
  "name": "login with code voc",
  "lockfileVersion": 3,
  "requires": true,
  "packages": {
    "": {
      "dependencies": {
        "@ionic/core": "^7.5.2",
        "moment": "^2.29.4",
        "sweetalert2": "^11.7.32"
      }
    },
    "node_modules/@ionic/core": {
      "version": "7.5.2",
      "resolved": "https://registry.npmjs.org/@ionic/core/-/core-7.5.2.tgz",
      "integrity": "sha512-0O8YgaE7CzrhDLGpnNq2Ia4bR+qFE1uHJHafoNWhoTXkydNnqSMZlxMCvtSetfv9bwLic93lcXYNoZ8I8zV3XA==",
      "dependencies": {
        "@stencil/core": "^4.6.0",
        "ionicons": "^7.2.1",
        "tslib": "^2.1.0"
      }
    },
    "node_modules/@stencil/core": {
      "version": "4.7.0",
      "resolved": "https://registry.npmjs.org/@stencil/core/-/core-4.7.0.tgz",
      "integrity": "sha512-hl3hD5FA8F9kZiDJSus08Kno1QRl+fXeMBzrl5DjWAzAu0JHxL1AqTph5oQSekjvkSahaa8JtsXnHRZU93eivg==",
      "bin": {
        "stencil": "bin/stencil"
      },
      "engines": {
        "node": ">=16.0.0",
        "npm": ">=7.10.0"
      }
    },
    "node_modules/ionicons": {
      "version": "7.2.1",
      "resolved": "https://registry.npmjs.org/ionicons/-/ionicons-7.2.1.tgz",
      "integrity": "sha512-2pvCM7DGVEtbbj48PJzQrCADCQrqjU1nUYX9l9PyEWz3ZfdnLdAouqwPxLdl8tbaF9cE7OZRSlyQD7oLOLnGoQ==",
      "dependencies": {
        "@stencil/core": "^4.0.3"
      }
    },
    "node_modules/moment": {
      "version": "2.29.4",
      "resolved": "https://registry.npmjs.org/moment/-/moment-2.29.4.tgz",
      "integrity": "sha512-5LC9SOxjSc2HF6vO2CyuTDNivEdoz2IvyJJGj6X8DJ0eFyfszE0QiEd+iXmBvUP3WHxSjFH/vIsA0EN00cgr8w==",
      "engines": {
        "node": "*"
      }
    },
    "node_modules/sweetalert2": {
      "version": "11.7.32",
      "resolved": "https://registry.npmjs.org/sweetalert2/-/sweetalert2-11.7.32.tgz",
      "integrity": "sha512-44tNNe2oLe7T94mT6dus4hc9G7qg6jZU/K5qZzpNS6e5HGPrSF6Kie6oZ7B5puIJydB34V2h/8f5EhIFivYo4A==",
      "funding": {
        "type": "individual",
        "url": "https://github.com/sponsors/limonte"
      }
    },
    "node_modules/tslib": {
      "version": "2.6.2",
      "resolved": "https://registry.npmjs.org/tslib/-/tslib-2.6.2.tgz",
      "integrity": "sha512-AEYxH93jGFPn/a2iVAwW87VuUIkR1FVUKB77NwMF7nBTDkDrrT/Hpt/IrCJ0QXhW27jTBDcf5ZY7w6RiqTMw2Q=="
    }
  }
}
